// !$*UTF8*$!
{
	archiveVersion = 1;
	classes = {
	};
	objectVersion = 48;
	objects = {

/* Begin PBXBuildFile section */
		3C17C326202094770059AFF5 /* AppDelegate.m in Sources */ = {isa = PBXBuildFile; fileRef = 3C17C325202094770059AFF5 /* AppDelegate.m */; };
		3C17C329202094770059AFF5 /* ViewController.m in Sources */ = {isa = PBXBuildFile; fileRef = 3C17C328202094770059AFF5 /* ViewController.m */; };
		3C17C32C202094770059AFF5 /* Main.storyboard in Resources */ = {isa = PBXBuildFile; fileRef = 3C17C32A202094770059AFF5 /* Main.storyboard */; };
		3C17C32E202094770059AFF5 /* Assets.xcassets in Resources */ = {isa = PBXBuildFile; fileRef = 3C17C32D202094770059AFF5 /* Assets.xcassets */; };
		3C17C331202094770059AFF5 /* LaunchScreen.storyboard in Resources */ = {isa = PBXBuildFile; fileRef = 3C17C32F202094770059AFF5 /* LaunchScreen.storyboard */; };
		3C17C334202094770059AFF5 /* main.m in Sources */ = {isa = PBXBuildFile; fileRef = 3C17C333202094770059AFF5 /* main.m */; };
		3C17C33E202094770059AFF5 /* ReactAppTests.m in Sources */ = {isa = PBXBuildFile; fileRef = 3C17C33D202094770059AFF5 /* ReactAppTests.m */; };
		3C17C34A202097A90059AFF5 /* RNViewController.m in Sources */ = {isa = PBXBuildFile; fileRef = 3C17C349202097A90059AFF5 /* RNViewController.m */; };
		3CECFD672024B6FC003C3110 /* bundle in Resources */ = {isa = PBXBuildFile; fileRef = 3CECFD662024B6FC003C3110 /* bundle */; };
		583AF3232E918B0E5EF22F5F /* libPods-ReactApp.a in Frameworks */ = {isa = PBXBuildFile; fileRef = 6728C29EFAE4038EC09E0A12 /* libPods-ReactApp.a */; };
/* End PBXBuildFile section */

/* Begin PBXContainerItemProxy section */
		3C17C33A202094770059AFF5 /* PBXContainerItemProxy */ = {
			isa = PBXContainerItemProxy;
			containerPortal = 3C17C319202094770059AFF5 /* Project object */;
			proxyType = 1;
			remoteGlobalIDString = 3C17C320202094770059AFF5;
			remoteInfo = ReactApp;
		};
/* End PBXContainerItemProxy section */

/* Begin PBXFileReference section */
		0C87F42245BA9B46DC42A5EE /* Pods-ReactApp.release.xcconfig */ = {isa = PBXFileReference; includeInIndex = 1; lastKnownFileType = text.xcconfig; name = "Pods-ReactApp.release.xcconfig"; path = "Pods/Target Support Files/Pods-ReactApp/Pods-ReactApp.release.xcconfig"; sourceTree = "<group>"; };
		3C17C321202094770059AFF5 /* ReactApp.app */ = {isa = PBXFileReference; explicitFileType = wrapper.application; includeInIndex = 0; path = ReactApp.app; sourceTree = BUILT_PRODUCTS_DIR; };
		3C17C324202094770059AFF5 /* AppDelegate.h */ = {isa = PBXFileReference; lastKnownFileType = sourcecode.c.h; path = AppDelegate.h; sourceTree = "<group>"; };
		3C17C325202094770059AFF5 /* AppDelegate.m */ = {isa = PBXFileReference; lastKnownFileType = sourcecode.c.objc; path = AppDelegate.m; sourceTree = "<group>"; };
		3C17C327202094770059AFF5 /* ViewController.h */ = {isa = PBXFileReference; lastKnownFileType = sourcecode.c.h; path = ViewController.h; sourceTree = "<group>"; };
		3C17C328202094770059AFF5 /* ViewController.m */ = {isa = PBXFileReference; lastKnownFileType = sourcecode.c.objc; path = ViewController.m; sourceTree = "<group>"; };
		3C17C32B202094770059AFF5 /* Base */ = {isa = PBXFileReference; lastKnownFileType = file.storyboard; name = Base; path = Base.lproj/Main.storyboard; sourceTree = "<group>"; };
		3C17C32D202094770059AFF5 /* Assets.xcassets */ = {isa = PBXFileReference; lastKnownFileType = folder.assetcatalog; path = Assets.xcassets; sourceTree = "<group>"; };
		3C17C330202094770059AFF5 /* Base */ = {isa = PBXFileReference; lastKnownFileType = file.storyboard; name = Base; path = Base.lproj/LaunchScreen.storyboard; sourceTree = "<group>"; };
		3C17C332202094770059AFF5 /* Info.plist */ = {isa = PBXFileReference; lastKnownFileType = text.plist.xml; path = Info.plist; sourceTree = "<group>"; };
		3C17C333202094770059AFF5 /* main.m */ = {isa = PBXFileReference; lastKnownFileType = sourcecode.c.objc; path = main.m; sourceTree = "<group>"; };
		3C17C339202094770059AFF5 /* ReactAppTests.xctest */ = {isa = PBXFileReference; explicitFileType = wrapper.cfbundle; includeInIndex = 0; path = ReactAppTests.xctest; sourceTree = BUILT_PRODUCTS_DIR; };
		3C17C33D202094770059AFF5 /* ReactAppTests.m */ = {isa = PBXFileReference; lastKnownFileType = sourcecode.c.objc; path = ReactAppTests.m; sourceTree = "<group>"; };
		3C17C33F202094770059AFF5 /* Info.plist */ = {isa = PBXFileReference; lastKnownFileType = text.plist.xml; path = Info.plist; sourceTree = "<group>"; };
		3C17C348202097A90059AFF5 /* RNViewController.h */ = {isa = PBXFileReference; lastKnownFileType = sourcecode.c.h; path = RNViewController.h; sourceTree = "<group>"; };
		3C17C349202097A90059AFF5 /* RNViewController.m */ = {isa = PBXFileReference; lastKnownFileType = sourcecode.c.objc; path = RNViewController.m; sourceTree = "<group>"; };
		3CECFD662024B6FC003C3110 /* bundle */ = {isa = PBXFileReference; lastKnownFileType = folder; name = bundle; path = "../../../../React-Native-App/NativeReactApp/ios/bundle"; sourceTree = "<group>"; };
		6728C29EFAE4038EC09E0A12 /* libPods-ReactApp.a */ = {isa = PBXFileReference; explicitFileType = archive.ar; includeInIndex = 0; path = "libPods-ReactApp.a"; sourceTree = BUILT_PRODUCTS_DIR; };
		789AAF804927B15AE83BBDE6 /* Pods-ReactApp.debug.xcconfig */ = {isa = PBXFileReference; includeInIndex = 1; lastKnownFileType = text.xcconfig; name = "Pods-ReactApp.debug.xcconfig"; path = "Pods/Target Support Files/Pods-ReactApp/Pods-ReactApp.debug.xcconfig"; sourceTree = "<group>"; };
/* End PBXFileReference section */

/* Begin PBXFrameworksBuildPhase section */
		3C17C31E202094770059AFF5 /* Frameworks */ = {
			isa = PBXFrameworksBuildPhase;
			buildActionMask = 2147483647;
			files = (
				583AF3232E918B0E5EF22F5F /* libPods-ReactApp.a in Frameworks */,
			);
			runOnlyForDeploymentPostprocessing = 0;
		};
		3C17C336202094770059AFF5 /* Frameworks */ = {
			isa = PBXFrameworksBuildPhase;
			buildActionMask = 2147483647;
			files = (
			);
			runOnlyForDeploymentPostprocessing = 0;
		};
/* End PBXFrameworksBuildPhase section */

/* Begin PBXGroup section */
		2E178B733702B4DCACD06424 /* Frameworks */ = {
			isa = PBXGroup;
			children = (
				6728C29EFAE4038EC09E0A12 /* libPods-ReactApp.a */,
			);
			name = Frameworks;
			sourceTree = "<group>";
		};
		3C17C318202094770059AFF5 = {
			isa = PBXGroup;
			children = (
				3C17C323202094770059AFF5 /* ReactApp */,
				3C17C33C202094770059AFF5 /* ReactAppTests */,
				3C17C322202094770059AFF5 /* Products */,
				490D8781733B690A73D658CC /* Pods */,
				2E178B733702B4DCACD06424 /* Frameworks */,
			);
			sourceTree = "<group>";
		};
		3C17C322202094770059AFF5 /* Products */ = {
			isa = PBXGroup;
			children = (
				3C17C321202094770059AFF5 /* ReactApp.app */,
				3C17C339202094770059AFF5 /* ReactAppTests.xctest */,
			);
			name = Products;
			sourceTree = "<group>";
		};
		3C17C323202094770059AFF5 /* ReactApp */ = {
			isa = PBXGroup;
			children = (
				3CECFD662024B6FC003C3110 /* bundle */,
				3C17C324202094770059AFF5 /* AppDelegate.h */,
				3C17C325202094770059AFF5 /* AppDelegate.m */,
				3C17C327202094770059AFF5 /* ViewController.h */,
				3C17C328202094770059AFF5 /* ViewController.m */,
				3C17C348202097A90059AFF5 /* RNViewController.h */,
				3C17C349202097A90059AFF5 /* RNViewController.m */,
				3C17C32A202094770059AFF5 /* Main.storyboard */,
				3C17C32D202094770059AFF5 /* Assets.xcassets */,
				3C17C32F202094770059AFF5 /* LaunchScreen.storyboard */,
				3C17C332202094770059AFF5 /* Info.plist */,
				3C17C333202094770059AFF5 /* main.m */,
			);
			path = ReactApp;
			sourceTree = "<group>";
		};
		3C17C33C202094770059AFF5 /* ReactAppTests */ = {
			isa = PBXGroup;
			children = (
				3C17C33D202094770059AFF5 /* ReactAppTests.m */,
				3C17C33F202094770059AFF5 /* Info.plist */,
			);
			path = ReactAppTests;
			sourceTree = "<group>";
		};
		490D8781733B690A73D658CC /* Pods */ = {
			isa = PBXGroup;
			children = (
				789AAF804927B15AE83BBDE6 /* Pods-ReactApp.debug.xcconfig */,
				0C87F42245BA9B46DC42A5EE /* Pods-ReactApp.release.xcconfig */,
			);
			name = Pods;
			sourceTree = "<group>";
		};
/* End PBXGroup section */

/* Begin PBXNativeTarget section */
		3C17C320202094770059AFF5 /* ReactApp */ = {
			isa = PBXNativeTarget;
			buildConfigurationList = 3C17C342202094770059AFF5 /* Build configuration list for PBXNativeTarget "ReactApp" */;
			buildPhases = (
				4D1E9647C6093D2B6CD3A5CF /* [CP] Check Pods Manifest.lock */,
				3C17C31D202094770059AFF5 /* Sources */,
				3C17C31E202094770059AFF5 /* Frameworks */,
				3C17C31F202094770059AFF5 /* Resources */,
				8B2A2096D7F582B104447EBA /* [CP] Embed Pods Frameworks */,
				E1B9637165CBE2705581830B /* [CP] Copy Pods Resources */,
			);
			buildRules = (
			);
			dependencies = (
			);
			name = ReactApp;
			productName = ReactApp;
			productReference = 3C17C321202094770059AFF5 /* ReactApp.app */;
			productType = "com.apple.product-type.application";
		};
		3C17C338202094770059AFF5 /* ReactAppTests */ = {
			isa = PBXNativeTarget;
			buildConfigurationList = 3C17C345202094770059AFF5 /* Build configuration list for PBXNativeTarget "ReactAppTests" */;
			buildPhases = (
				3C17C335202094770059AFF5 /* Sources */,
				3C17C336202094770059AFF5 /* Frameworks */,
				3C17C337202094770059AFF5 /* Resources */,
			);
			buildRules = (
			);
			dependencies = (
				3C17C33B202094770059AFF5 /* PBXTargetDependency */,
			);
			name = ReactAppTests;
			productName = ReactAppTests;
			productReference = 3C17C339202094770059AFF5 /* ReactAppTests.xctest */;
			productType = "com.apple.product-type.bundle.unit-test";
		};
/* End PBXNativeTarget section */

/* Begin PBXProject section */
		3C17C319202094770059AFF5 /* Project object */ = {
			isa = PBXProject;
			attributes = {
				LastUpgradeCheck = 0920;
				ORGANIZATIONNAME = YL;
				TargetAttributes = {
					3C17C320202094770059AFF5 = {
						CreatedOnToolsVersion = 9.2;
						ProvisioningStyle = Automatic;
					};
					3C17C338202094770059AFF5 = {
						CreatedOnToolsVersion = 9.2;
						ProvisioningStyle = Automatic;
						TestTargetID = 3C17C320202094770059AFF5;
					};
				};
			};
			buildConfigurationList = 3C17C31C202094770059AFF5 /* Build configuration list for PBXProject "ReactApp" */;
			compatibilityVersion = "Xcode 8.0";
			developmentRegion = en;
			hasScannedForEncodings = 0;
			knownRegions = (
				en,
				Base,
			);
			mainGroup = 3C17C318202094770059AFF5;
			productRefGroup = 3C17C322202094770059AFF5 /* Products */;
			projectDirPath = "";
			projectRoot = "";
			targets = (
				3C17C320202094770059AFF5 /* ReactApp */,
				3C17C338202094770059AFF5 /* ReactAppTests */,
			);
		};
/* End PBXProject section */

/* Begin PBXResourcesBuildPhase section */
		3C17C31F202094770059AFF5 /* Resources */ = {
			isa = PBXResourcesBuildPhase;
			buildActionMask = 2147483647;
			files = (
				3CECFD672024B6FC003C3110 /* bundle in Resources */,
				3C17C331202094770059AFF5 /* LaunchScreen.storyboard in Resources */,
				3C17C32E202094770059AFF5 /* Assets.xcassets in Resources */,
				3C17C32C202094770059AFF5 /* Main.storyboard in Resources */,
			);
			runOnlyForDeploymentPostprocessing = 0;
		};
		3C17C337202094770059AFF5 /* Resources */ = {
			isa = PBXResourcesBuildPhase;
			buildActionMask = 2147483647;
			files = (
			);
			runOnlyForDeploymentPostprocessing = 0;
		};
/* End PBXResourcesBuildPhase section */

/* Begin PBXShellScriptBuildPhase section */
		4D1E9647C6093D2B6CD3A5CF /* [CP] Check Pods Manifest.lock */ = {
			isa = PBXShellScriptBuildPhase;
			buildActionMask = 2147483647;
			files = (
			);
			inputPaths = (
			);
			name = "[CP] Check Pods Manifest.lock";
			outputPaths = (
			);
			runOnlyForDeploymentPostprocessing = 0;
			shellPath = /bin/sh;
			shellScript = "diff \"${PODS_PODFILE_DIR_PATH}/Podfile.lock\" \"${PODS_ROOT}/Manifest.lock\" > /dev/null\nif [ $? != 0 ] ; then\n    # print error to STDERR\n    echo \"error: The sandbox is not in sync with the Podfile.lock. Run 'pod install' or update your CocoaPods installation.\" >&2\n    exit 1\nfi\n";
			showEnvVarsInLog = 0;
		};
		8B2A2096D7F582B104447EBA /* [CP] Embed Pods Frameworks */ = {
			isa = PBXShellScriptBuildPhase;
			buildActionMask = 2147483647;
			files = (
			);
			inputPaths = (
			);
			name = "[CP] Embed Pods Frameworks";
			outputPaths = (
			);
			runOnlyForDeploymentPostprocessing = 0;
			shellPath = /bin/sh;
			shellScript = "\"${SRCROOT}/Pods/Target Support Files/Pods-ReactApp/Pods-ReactApp-frameworks.sh\"\n";
			showEnvVarsInLog = 0;
		};
		E1B9637165CBE2705581830B /* [CP] Copy Pods Resources */ = {
			isa = PBXShellScriptBuildPhase;
			buildActionMask = 2147483647;
			files = (
			);
			inputPaths = (
			);
			name = "[CP] Copy Pods Resources";
			outputPaths = (
			);
			runOnlyForDeploymentPostprocessing = 0;
			shellPath = /bin/sh;
			shellScript = "\"${SRCROOT}/Pods/Target Support Files/Pods-ReactApp/Pods-ReactApp-resources.sh\"\n";
			showEnvVarsInLog = 0;
		};
/* End PBXShellScriptBuildPhase section */

/* Begin PBXSourcesBuildPhase section */
		3C17C31D202094770059AFF5 /* Sources */ = {
			isa = PBXSourcesBuildPhase;
			buildActionMask = 2147483647;
			files = (
				3C17C34A202097A90059AFF5 /* RNViewController.m in Sources */,
				3C17C329202094770059AFF5 /* ViewController.m in Sources */,
				3C17C334202094770059AFF5 /* main.m in Sources */,
				3C17C326202094770059AFF5 /* AppDelegate.m in Sources */,
			);
			runOnlyForDeploymentPostprocessing = 0;
		};
		3C17C335202094770059AFF5 /* Sources */ = {
			isa = PBXSourcesBuildPhase;
			buildActionMask = 2147483647;
			files = (
				3C17C33E202094770059AFF5 /* ReactAppTests.m in Sources */,
			);
			runOnlyForDeploymentPostprocessing = 0;
		};
/* End PBXSourcesBuildPhase section */

/* Begin PBXTargetDependency section */
		3C17C33B202094770059AFF5 /* PBXTargetDependency */ = {
			isa = PBXTargetDependency;
			target = 3C17C320202094770059AFF5 /* ReactApp */;
			targetProxy = 3C17C33A202094770059AFF5 /* PBXContainerItemProxy */;
		};
/* End PBXTargetDependency section */

/* Begin PBXVariantGroup section */
		3C17C32A202094770059AFF5 /* Main.storyboard */ = {
			isa = PBXVariantGroup;
			children = (
				3C17C32B202094770059AFF5 /* Base */,
			);
			name = Main.storyboard;
			sourceTree = "<group>";
		};
		3C17C32F202094770059AFF5 /* LaunchScreen.storyboard */ = {
			isa = PBXVariantGroup;
			children = (
				3C17C330202094770059AFF5 /* Base */,
			);
			name = LaunchScreen.storyboard;
			sourceTree = "<group>";
		};
/* End PBXVariantGroup section */

/* Begin XCBuildConfiguration section */
		3C17C340202094770059AFF5 /* Debug */ = {
			isa = XCBuildConfiguration;
			buildSettings = {
				ALWAYS_SEARCH_USER_PATHS = NO;
				CLANG_ANALYZER_NONNULL = YES;
				CLANG_ANALYZER_NUMBER_OBJECT_CONVERSION = YES_AGGRESSIVE;
				CLANG_CXX_LANGUAGE_STANDARD = "gnu++14";
				CLANG_CXX_LIBRARY = "libc++";
				CLANG_ENABLE_MODULES = YES;
				CLANG_ENABLE_OBJC_ARC = YES;
				CLANG_WARN_BLOCK_CAPTURE_AUTORELEASING = YES;
				CLANG_WARN_BOOL_CONVERSION = YES;
				CLANG_WARN_COMMA = YES;
				CLANG_WARN_CONSTANT_CONVERSION = YES;
				CLANG_WARN_DIRECT_OBJC_ISA_USAGE = YES_ERROR;
				CLANG_WARN_DOCUMENTATION_COMMENTS = YES;
				CLANG_WARN_EMPTY_BODY = YES;
				CLANG_WARN_ENUM_CONVERSION = YES;
				CLANG_WARN_INFINITE_RECURSION = YES;
				CLANG_WARN_INT_CONVERSION = YES;
				CLANG_WARN_NON_LITERAL_NULL_CONVERSION = YES;
				CLANG_WARN_OBJC_LITERAL_CONVERSION = YES;
				CLANG_WARN_OBJC_ROOT_CLASS = YES_ERROR;
				CLANG_WARN_RANGE_LOOP_ANALYSIS = YES;
				CLANG_WARN_STRICT_PROTOTYPES = YES;
				CLANG_WARN_SUSPICIOUS_MOVE = YES;
				CLANG_WARN_UNGUARDED_AVAILABILITY = YES_AGGRESSIVE;
				CLANG_WARN_UNREACHABLE_CODE = YES;
				CLANG_WARN__DUPLICATE_METHOD_MATCH = YES;
				CODE_SIGN_IDENTITY = "iPhone Developer";
				COPY_PHASE_STRIP = NO;
				DEBUG_INFORMATION_FORMAT = dwarf;
				ENABLE_STRICT_OBJC_MSGSEND = YES;
				ENABLE_TESTABILITY = YES;
				GCC_C_LANGUAGE_STANDARD = gnu11;
				GCC_DYNAMIC_NO_PIC = NO;
				GCC_NO_COMMON_BLOCKS = YES;
				GCC_OPTIMIZATION_LEVEL = 0;
				GCC_PREPROCESSOR_DEFINITIONS = (
					"DEBUG=1",
					"$(inherited)",
				);
				GCC_WARN_64_TO_32_BIT_CONVERSION = YES;
				GCC_WARN_ABOUT_RETURN_TYPE = YES_ERROR;
				GCC_WARN_UNDECLARED_SELECTOR = YES;
				GCC_WARN_UNINITIALIZED_AUTOS = YES_AGGRESSIVE;
				GCC_WARN_UNUSED_FUNCTION = YES;
				GCC_WARN_UNUSED_VARIABLE = YES;
				IPHONEOS_DEPLOYMENT_TARGET = 11.2;
				MTL_ENABLE_DEBUG_INFO = YES;
				ONLY_ACTIVE_ARCH = YES;
				SDKROOT = iphoneos;
			};
			name = Debug;
		};
		3C17C341202094770059AFF5 /* Release */ = {
			isa = XCBuildConfiguration;
			buildSettings = {
				ALWAYS_SEARCH_USER_PATHS = NO;
				CLANG_ANALYZER_NONNULL = YES;
				CLANG_ANALYZER_NUMBER_OBJECT_CONVERSION = YES_AGGRESSIVE;
				CLANG_CXX_LANGUAGE_STANDARD = "gnu++14";
				CLANG_CXX_LIBRARY = "libc++";
				CLANG_ENABLE_MODULES = YES;
				CLANG_ENABLE_OBJC_ARC = YES;
				CLANG_WARN_BLOCK_CAPTURE_AUTORELEASING = YES;
				CLANG_WARN_BOOL_CONVERSION = YES;
				CLANG_WARN_COMMA = YES;
				CLANG_WARN_CONSTANT_CONVERSION = YES;
				CLANG_WARN_DIRECT_OBJC_ISA_USAGE = YES_ERROR;
				CLANG_WARN_DOCUMENTATION_COMMENTS = YES;
				CLANG_WARN_EMPTY_BODY = YES;
				CLANG_WARN_ENUM_CONVERSION = YES;
				CLANG_WARN_INFINITE_RECURSION = YES;
				CLANG_WARN_INT_CONVERSION = YES;
				CLANG_WARN_NON_LITERAL_NULL_CONVERSION = YES;
				CLANG_WARN_OBJC_LITERAL_CONVERSION = YES;
				CLANG_WARN_OBJC_ROOT_CLASS = YES_ERROR;
				CLANG_WARN_RANGE_LOOP_ANALYSIS = YES;
				CLANG_WARN_STRICT_PROTOTYPES = YES;
				CLANG_WARN_SUSPICIOUS_MOVE = YES;
				CLANG_WARN_UNGUARDED_AVAILABILITY = YES_AGGRESSIVE;
				CLANG_WARN_UNREACHABLE_CODE = YES;
				CLANG_WARN__DUPLICATE_METHOD_MATCH = YES;
				CODE_SIGN_IDENTITY = "iPhone Developer";
				COPY_PHASE_STRIP = NO;
				DEBUG_INFORMATION_FORMAT = "dwarf-with-dsym";
				ENABLE_NS_ASSERTIONS = NO;
				ENABLE_STRICT_OBJC_MSGSEND = YES;
				GCC_C_LANGUAGE_STANDARD = gnu11;
				GCC_NO_COMMON_BLOCKS = YES;
				GCC_WARN_64_TO_32_BIT_CONVERSION = YES;
				GCC_WARN_ABOUT_RETURN_TYPE = YES_ERROR;
				GCC_WARN_UNDECLARED_SELECTOR = YES;
				GCC_WARN_UNINITIALIZED_AUTOS = YES_AGGRESSIVE;
				GCC_WARN_UNUSED_FUNCTION = YES;
				GCC_WARN_UNUSED_VARIABLE = YES;
				IPHONEOS_DEPLOYMENT_TARGET = 11.2;
				MTL_ENABLE_DEBUG_INFO = NO;
				SDKROOT = iphoneos;
				VALIDATE_PRODUCT = YES;
			};
			name = Release;
		};
		3C17C343202094770059AFF5 /* Debug */ = {
			isa = XCBuildConfiguration;
			baseConfigurationReference = 789AAF804927B15AE83BBDE6 /* Pods-ReactApp.debug.xcconfig */;
			buildSettings = {
				ASSETCATALOG_COMPILER_APPICON_NAME = AppIcon;
				"CODE_SIGN_IDENTITY[sdk=iphoneos*]" = "iPhone Developer";
				CODE_SIGN_STYLE = Automatic;
				DEVELOPMENT_TEAM = QNJA87PUWE;
				INFOPLIST_FILE = ReactApp/Info.plist;
				LD_RUNPATH_SEARCH_PATHS = "$(inherited) @executable_path/Frameworks";
				PRODUCT_BUNDLE_IDENTIFIER = com.ayler.ReactApp;
				PRODUCT_NAME = "$(TARGET_NAME)";
				PROVISIONING_PROFILE_SPECIFIER = "";
				TARGETED_DEVICE_FAMILY = 1;
			};
			name = Debug;
		};
		3C17C344202094770059AFF5 /* Release */ = {
			isa = XCBuildConfiguration;
			baseConfigurationReference = 0C87F42245BA9B46DC42A5EE /* Pods-ReactApp.release.xcconfig */;
			buildSettings = {
				ASSETCATALOG_COMPILER_APPICON_NAME = AppIcon;
				"CODE_SIGN_IDENTITY[sdk=iphoneos*]" = "iPhone Developer";
				CODE_SIGN_STYLE = Automatic;
				DEVELOPMENT_TEAM = QNJA87PUWE;
				INFOPLIST_FILE = ReactApp/Info.plist;
				LD_RUNPATH_SEARCH_PATHS = "$(inherited) @executable_path/Frameworks";
				PRODUCT_BUNDLE_IDENTIFIER = com.ayler.ReactApp;
				PRODUCT_NAME = "$(TARGET_NAME)";
				PROVISIONING_PROFILE_SPECIFIER = "";
				TARGETED_DEVICE_FAMILY = 1;
			};
			name = Release;
		};
		3C17C346202094770059AFF5 /* Debug */ = {
			isa = XCBuildConfiguration;
			buildSettings = {
				BUNDLE_LOADER = "$(TEST_HOST)";
				CODE_SIGN_STYLE = Automatic;
				DEVELOPMENT_TEAM = QNJA87PUWE;
				INFOPLIST_FILE = ReactAppTests/Info.plist;
				LD_RUNPATH_SEARCH_PATHS = "$(inherited) @executable_path/Frameworks @loader_path/Frameworks";
				PRODUCT_BUNDLE_IDENTIFIER = com.ayler.ReactAppTests;
				PRODUCT_NAME = "$(TARGET_NAME)";
				TARGETED_DEVICE_FAMILY = "1,2";
				TEST_HOST = "$(BUILT_PRODUCTS_DIR)/ReactApp.app/ReactApp";
			};
			name = Debug;
		};
		3C17C347202094770059AFF5 /* Release */ = {
			isa = XCBuildConfiguration;
			buildSettings = {
				BUNDLE_LOADER = "$(TEST_HOST)";
				CODE_SIGN_STYLE = Automatic;
				DEVELOPMENT_TEAM = QNJA87PUWE;
				INFOPLIST_FILE = ReactAppTests/Info.plist;
				LD_RUNPATH_SEARCH_PATHS = "$(inherited) @executable_path/Frameworks @loader_path/Frameworks";
				PRODUCT_BUNDLE_IDENTIFIER = com.ayler.ReactAppTests;
				PRODUCT_NAME = "$(TARGET_NAME)";
				TARGETED_DEVICE_FAMILY = "1,2";
				TEST_HOST = "$(BUILT_PRODUCTS_DIR)/ReactApp.app/ReactApp";
			};
			name = Release;
		};
/* End XCBuildConfiguration section */

/* Begin XCConfigurationList section */
		3C17C31C202094770059AFF5 /* Build configuration list for PBXProject "ReactApp" */ = {
			isa = XCConfigurationList;
			buildConfigurations = (
				3C17C340202094770059AFF5 /* Debug */,
				3C17C341202094770059AFF5 /* Release */,
			);
			defaultConfigurationIsVisible = 0;
			defaultConfigurationName = Release;
		};
		3C17C342202094770059AFF5 /* Build configuration list for PBXNativeTarget "ReactApp" */ = {
			isa = XCConfigurationList;
			buildConfigurations = (
				3C17C343202094770059AFF5 /* Debug */,
				3C17C344202094770059AFF5 /* Release */,
			);
			defaultConfigurationIsVisible = 0;
			defaultConfigurationName = Release;
		};
		3C17C345202094770059AFF5 /* Build configuration list for PBXNativeTarget "ReactAppTests" */ = {
			isa = XCConfigurationList;
			buildConfigurations = (
				3C17C346202094770059AFF5 /* Debug */,
				3C17C347202094770059AFF5 /* Release */,
			);
			defaultConfigurationIsVisible = 0;
			defaultConfigurationName = Release;
		};
/* End XCConfigurationList section */
	};
	rootObject = 3C17C319202094770059AFF5 /* Project object */;
}
